
Microsoft Visual Studio Solution File, Format Version 12.00
# Visual Studio Version 17
VisualStudioVersion = 17.6.33815.320
MinimumVisualStudioVersion = 10.0.40219.1
Project("{FAE04EC0-301F-11D3-BF4B-00C04F79EFBC}") = "MonoGame1-5 - Summative", "MonoGame1-5 - Summative.csproj", "{B432319E-75C1-4ECC-94D6-7195C37FB334}"
EndProject
Global
	GlobalSection(SolutionConfigurationPlatforms) = preSolution
		Debug|Any CPU = Debug|Any CPU
		Release|Any CPU = Release|Any CPU
	EndGlobalSection
	GlobalSection(ProjectConfigurationPlatforms) = postSolution
		{B432319E-75C1-4ECC-94D6-7195C37FB334}.Debug|Any CPU.ActiveCfg = Debug|Any CPU
		{B432319E-75C1-4ECC-94D6-7195C37FB334}.Debug|Any CPU.Build.0 = Debug|Any CPU
		{B432319E-75C1-4ECC-94D6-7195C37FB334}.Release|Any CPU.ActiveCfg = Release|Any CPU
		{B432319E-75C1-4ECC-94D6-7195C37FB334}.Release|Any CPU.Build.0 = Release|Any CPU
	EndGlobalSection
	GlobalSection(SolutionProperties) = preSolution
		HideSolutionNode = FALSE
	EndGlobalSection
	GlobalSection(ExtensibilityGlobals) = postSolution
		SolutionGuid = {5B7B0736-DC43-4473-A8AD-0E23189AB452}
	EndGlobalSection
EndGlobal
